
Microsoft Visual Studio Solution File, Format Version 12.00
# Visual Studio 2013
VisualStudioVersion = 12.0.40629.0
MinimumVisualStudioVersion = 10.0.40219.1
Project("{FAE04EC0-301F-11D3-BF4B-00C04F79EFBC}") = "Base-CityGeneration", "Base-CityGeneration\Base-CityGeneration.csproj", "{A2F1FE85-F0C2-4CFF-BAED-CBAAD4617592}"
EndProject
Project("{2150E333-8FDC-42A3-9474-1A3956D46DE8}") = ".nuget", ".nuget", "{A0EF15B1-FA04-4C3A-8626-5FC7D489B287}"
	ProjectSection(SolutionItems) = preProject
		.nuget\NuGet.Config = .nuget\NuGet.Config
		.nuget\NuGet.exe = .nuget\NuGet.exe
		.nuget\NuGet.targets = .nuget\NuGet.targets
	EndProjectSection
EndProject
Project("{FAE04EC0-301F-11D3-BF4B-00C04F79EFBC}") = "Base-CityGeneration.Test", "Base-CityGeneration.Test\Base-CityGeneration.Test.csproj", "{FFF9B24F-21BB-46CE-B49B-7702B8E85267}"
EndProject
Project("{2150E333-8FDC-42A3-9474-1A3956D46DE8}") = "Solution Items", "Solution Items", "{E17C8812-729A-4490-A068-851B268BD4B8}"
	ProjectSection(SolutionItems) = preProject
		Base-CityGeneration.vsmdi = Base-CityGeneration.vsmdi
		Local.testsettings = Local.testsettings
		TraceAndTestImpact.testsettings = TraceAndTestImpact.testsettings
	EndProjectSection
EndProject
Project("{FAE04EC0-301F-11D3-BF4B-00C04F79EFBC}") = "Base-CityGeneration.TestHelpers", "Base-CityGeneration.TestHelpers\Base-CityGeneration.TestHelpers.csproj", "{B225867B-9AFA-432C-9BCD-8A9097C2E599}"
EndProject
Global
	GlobalSection(SolutionConfigurationPlatforms) = preSolution
		Debug|x86 = Debug|x86
		Release|x86 = Release|x86
	EndGlobalSection
	GlobalSection(ProjectConfigurationPlatforms) = postSolution
		{A2F1FE85-F0C2-4CFF-BAED-CBAAD4617592}.Debug|x86.ActiveCfg = Debug|x86
		{A2F1FE85-F0C2-4CFF-BAED-CBAAD4617592}.Debug|x86.Build.0 = Debug|x86
		{A2F1FE85-F0C2-4CFF-BAED-CBAAD4617592}.Release|x86.ActiveCfg = Release|x86
		{A2F1FE85-F0C2-4CFF-BAED-CBAAD4617592}.Release|x86.Build.0 = Release|x86
		{FFF9B24F-21BB-46CE-B49B-7702B8E85267}.Debug|x86.ActiveCfg = Debug|x86
		{FFF9B24F-21BB-46CE-B49B-7702B8E85267}.Debug|x86.Build.0 = Debug|x86
		{FFF9B24F-21BB-46CE-B49B-7702B8E85267}.Release|x86.ActiveCfg = Release|x86
		{FFF9B24F-21BB-46CE-B49B-7702B8E85267}.Release|x86.Build.0 = Release|x86
		{B225867B-9AFA-432C-9BCD-8A9097C2E599}.Debug|x86.ActiveCfg = Debug|x86
		{B225867B-9AFA-432C-9BCD-8A9097C2E599}.Debug|x86.Build.0 = Debug|x86
		{B225867B-9AFA-432C-9BCD-8A9097C2E599}.Release|x86.ActiveCfg = Release|x86
		{B225867B-9AFA-432C-9BCD-8A9097C2E599}.Release|x86.Build.0 = Release|x86
	EndGlobalSection
	GlobalSection(SolutionProperties) = preSolution
		HideSolutionNode = FALSE
	EndGlobalSection
	GlobalSection(TestCaseManagementSettings) = postSolution
		CategoryFile = Base-CityGeneration.vsmdi
	EndGlobalSection
EndGlobal
